// !$*UTF8*$!
{
	archiveVersion = 1;
	classes = {
	};
	objectVersion = 56;
	objects = {

/* Begin PBXBuildFile section */
		0449E0CE2B0F47D900784CDD /* MenuView.swift in Sources */ = {isa = PBXBuildFile; fileRef = 0449E0CD2B0F47D900784CDD /* MenuView.swift */; };
		0477F9E22B023D2000BAF5C4 /* VPNProjectApp.swift in Sources */ = {isa = PBXBuildFile; fileRef = 0477F9E12B023D2000BAF5C4 /* VPNProjectApp.swift */; };
		0477F9E42B023D2000BAF5C4 /* MainView.swift in Sources */ = {isa = PBXBuildFile; fileRef = 0477F9E32B023D2000BAF5C4 /* MainView.swift */; };
		0477F9E62B023D2100BAF5C4 /* Assets.xcassets in Resources */ = {isa = PBXBuildFile; fileRef = 0477F9E52B023D2100BAF5C4 /* Assets.xcassets */; };
		0477F9E92B023D2100BAF5C4 /* Preview Assets.xcassets in Resources */ = {isa = PBXBuildFile; fileRef = 0477F9E82B023D2100BAF5C4 /* Preview Assets.xcassets */; };
		0477FA072B027B1800BAF5C4 /* Dubai-Medium.ttf in Resources */ = {isa = PBXBuildFile; fileRef = 0477FA032B027B1800BAF5C4 /* Dubai-Medium.ttf */; };
		0477FA082B027B1800BAF5C4 /* Dubai-Regular.ttf in Resources */ = {isa = PBXBuildFile; fileRef = 0477FA042B027B1800BAF5C4 /* Dubai-Regular.ttf */; };
		0477FA092B027B1800BAF5C4 /* Dubai-Light.ttf in Resources */ = {isa = PBXBuildFile; fileRef = 0477FA052B027B1800BAF5C4 /* Dubai-Light.ttf */; };
		0477FA0A2B027B1800BAF5C4 /* Dubai-Bold.ttf in Resources */ = {isa = PBXBuildFile; fileRef = 0477FA062B027B1800BAF5C4 /* Dubai-Bold.ttf */; };
		047F77E62B0757DF0090BEE0 /* ServerListViewModel.swift in Sources */ = {isa = PBXBuildFile; fileRef = 047F77E52B0757DF0090BEE0 /* ServerListViewModel.swift */; };
		0497EAE02B15D77300B7BA41 /* OnboardingView.swift in Sources */ = {isa = PBXBuildFile; fileRef = 0497EADF2B15D77300B7BA41 /* OnboardingView.swift */; };
		04BFD0D32B0F602100BC185B /* ConnectionInfoView.swift in Sources */ = {isa = PBXBuildFile; fileRef = 04BFD0D22B0F602100BC185B /* ConnectionInfoView.swift */; };
		04D70C1B2B061E7500C8DC9D /* ServerListView.swift in Sources */ = {isa = PBXBuildFile; fileRef = 04D70C1A2B061E7500C8DC9D /* ServerListView.swift */; };
		04D70C1E2B06202D00C8DC9D /* Server.swift in Sources */ = {isa = PBXBuildFile; fileRef = 04D70C1D2B06202D00C8DC9D /* Server.swift */; };
		04E4C1352B109545007F5976 /* SpeedTestView.swift in Sources */ = {isa = PBXBuildFile; fileRef = 04E4C1342B109545007F5976 /* SpeedTestView.swift */; };
		04F987352B0B3E8800D5B2CB /* PremiumPurchaseView.swift in Sources */ = {isa = PBXBuildFile; fileRef = 04F987342B0B3E8800D5B2CB /* PremiumPurchaseView.swift */; };
/* End PBXBuildFile section */

/* Begin PBXFileReference section */
		0449E0CD2B0F47D900784CDD /* MenuView.swift */ = {isa = PBXFileReference; lastKnownFileType = sourcecode.swift; path = MenuView.swift; sourceTree = "<group>"; };
		0477F9DE2B023D2000BAF5C4 /* VPNProject.app */ = {isa = PBXFileReference; explicitFileType = wrapper.application; includeInIndex = 0; path = VPNProject.app; sourceTree = BUILT_PRODUCTS_DIR; };
		0477F9E12B023D2000BAF5C4 /* VPNProjectApp.swift */ = {isa = PBXFileReference; lastKnownFileType = sourcecode.swift; path = VPNProjectApp.swift; sourceTree = "<group>"; };
		0477F9E32B023D2000BAF5C4 /* MainView.swift */ = {isa = PBXFileReference; lastKnownFileType = sourcecode.swift; path = MainView.swift; sourceTree = "<group>"; };
		0477F9E52B023D2100BAF5C4 /* Assets.xcassets */ = {isa = PBXFileReference; lastKnownFileType = folder.assetcatalog; path = Assets.xcassets; sourceTree = "<group>"; };
		0477F9E82B023D2100BAF5C4 /* Preview Assets.xcassets */ = {isa = PBXFileReference; lastKnownFileType = folder.assetcatalog; path = "Preview Assets.xcassets"; sourceTree = "<group>"; };
		0477FA032B027B1800BAF5C4 /* Dubai-Medium.ttf */ = {isa = PBXFileReference; lastKnownFileType = file; path = "Dubai-Medium.ttf"; sourceTree = "<group>"; };
		0477FA042B027B1800BAF5C4 /* Dubai-Regular.ttf */ = {isa = PBXFileReference; lastKnownFileType = file; path = "Dubai-Regular.ttf"; sourceTree = "<group>"; };
		0477FA052B027B1800BAF5C4 /* Dubai-Light.ttf */ = {isa = PBXFileReference; lastKnownFileType = file; path = "Dubai-Light.ttf"; sourceTree = "<group>"; };
		0477FA062B027B1800BAF5C4 /* Dubai-Bold.ttf */ = {isa = PBXFileReference; lastKnownFileType = file; path = "Dubai-Bold.ttf"; sourceTree = "<group>"; };
		0477FA0B2B027B7000BAF5C4 /* Info.plist */ = {isa = PBXFileReference; lastKnownFileType = text.plist; path = Info.plist; sourceTree = "<group>"; };
		047F77E52B0757DF0090BEE0 /* ServerListViewModel.swift */ = {isa = PBXFileReference; lastKnownFileType = sourcecode.swift; path = ServerListViewModel.swift; sourceTree = "<group>"; };
		0497EADF2B15D77300B7BA41 /* OnboardingView.swift */ = {isa = PBXFileReference; lastKnownFileType = sourcecode.swift; path = OnboardingView.swift; sourceTree = "<group>"; };
		04BFD0D22B0F602100BC185B /* ConnectionInfoView.swift */ = {isa = PBXFileReference; lastKnownFileType = sourcecode.swift; path = ConnectionInfoView.swift; sourceTree = "<group>"; };
		04D70C1A2B061E7500C8DC9D /* ServerListView.swift */ = {isa = PBXFileReference; lastKnownFileType = sourcecode.swift; path = ServerListView.swift; sourceTree = "<group>"; };
		04D70C1D2B06202D00C8DC9D /* Server.swift */ = {isa = PBXFileReference; lastKnownFileType = sourcecode.swift; path = Server.swift; sourceTree = "<group>"; };
		04E4C1342B109545007F5976 /* SpeedTestView.swift */ = {isa = PBXFileReference; lastKnownFileType = sourcecode.swift; path = SpeedTestView.swift; sourceTree = "<group>"; };
		04F987342B0B3E8800D5B2CB /* PremiumPurchaseView.swift */ = {isa = PBXFileReference; lastKnownFileType = sourcecode.swift; path = PremiumPurchaseView.swift; sourceTree = "<group>"; };
/* End PBXFileReference section */

/* Begin PBXFrameworksBuildPhase section */
		0477F9DB2B023D2000BAF5C4 /* Frameworks */ = {
			isa = PBXFrameworksBuildPhase;
			buildActionMask = 2147483647;
			files = (
			);
			runOnlyForDeploymentPostprocessing = 0;
		};
/* End PBXFrameworksBuildPhase section */

/* Begin PBXGroup section */
		0477F9D52B023D1F00BAF5C4 = {
			isa = PBXGroup;
			children = (
				0477F9E02B023D2000BAF5C4 /* VPNProject */,
				0477F9DF2B023D2000BAF5C4 /* Products */,
			);
			sourceTree = "<group>";
		};
		0477F9DF2B023D2000BAF5C4 /* Products */ = {
			isa = PBXGroup;
			children = (
				0477F9DE2B023D2000BAF5C4 /* VPNProject.app */,
			);
			name = Products;
			sourceTree = "<group>";
		};
		0477F9E02B023D2000BAF5C4 /* VPNProject */ = {
			isa = PBXGroup;
			children = (
				04F987332B0B3E5A00D5B2CB /* Views */,
				04F987322B0B3E4200D5B2CB /* ViewModel */,
				04D70C1C2B06201500C8DC9D /* Model */,
				0477F9E12B023D2000BAF5C4 /* VPNProjectApp.swift */,
				0477F9E52B023D2100BAF5C4 /* Assets.xcassets */,
				0477FA0B2B027B7000BAF5C4 /* Info.plist */,
				0477FA022B027B1700BAF5C4 /* Font */,
				0477F9E72B023D2100BAF5C4 /* Preview Content */,
			);
			path = VPNProject;
			sourceTree = "<group>";
		};
		0477F9E72B023D2100BAF5C4 /* Preview Content */ = {
			isa = PBXGroup;
			children = (
				0477F9E82B023D2100BAF5C4 /* Preview Assets.xcassets */,
			);
			path = "Preview Content";
			sourceTree = "<group>";
		};
		0477FA022B027B1700BAF5C4 /* Font */ = {
			isa = PBXGroup;
			children = (
				0477FA032B027B1800BAF5C4 /* Dubai-Medium.ttf */,
				0477FA042B027B1800BAF5C4 /* Dubai-Regular.ttf */,
				0477FA052B027B1800BAF5C4 /* Dubai-Light.ttf */,
				0477FA062B027B1800BAF5C4 /* Dubai-Bold.ttf */,
			);
			path = Font;
			sourceTree = "<group>";
		};
		04D70C1C2B06201500C8DC9D /* Model */ = {
			isa = PBXGroup;
			children = (
				04D70C1D2B06202D00C8DC9D /* Server.swift */,
			);
			path = Model;
			sourceTree = "<group>";
		};
		04F987322B0B3E4200D5B2CB /* ViewModel */ = {
			isa = PBXGroup;
			children = (
				047F77E52B0757DF0090BEE0 /* ServerListViewModel.swift */,
			);
			path = ViewModel;
			sourceTree = "<group>";
		};
		04F987332B0B3E5A00D5B2CB /* Views */ = {
			isa = PBXGroup;
			children = (
				0477F9E32B023D2000BAF5C4 /* MainView.swift */,
				04D70C1A2B061E7500C8DC9D /* ServerListView.swift */,
				04F987342B0B3E8800D5B2CB /* PremiumPurchaseView.swift */,
				0449E0CD2B0F47D900784CDD /* MenuView.swift */,
				04BFD0D22B0F602100BC185B /* ConnectionInfoView.swift */,
				04E4C1342B109545007F5976 /* SpeedTestView.swift */,
				0497EADF2B15D77300B7BA41 /* OnboardingView.swift */,
			);
			path = Views;
			sourceTree = "<group>";
		};
/* End PBXGroup section */

/* Begin PBXNativeTarget section */
		0477F9DD2B023D2000BAF5C4 /* VPNProject */ = {
			isa = PBXNativeTarget;
			buildConfigurationList = 0477F9EC2B023D2100BAF5C4 /* Build configuration list for PBXNativeTarget "VPNProject" */;
			buildPhases = (
				0477F9DA2B023D2000BAF5C4 /* Sources */,
				0477F9DB2B023D2000BAF5C4 /* Frameworks */,
				0477F9DC2B023D2000BAF5C4 /* Resources */,
			);
			buildRules = (
			);
			dependencies = (
			);
			name = VPNProject;
			productName = VPNProject;
			productReference = 0477F9DE2B023D2000BAF5C4 /* VPNProject.app */;
			productType = "com.apple.product-type.application";
		};
/* End PBXNativeTarget section */

/* Begin PBXProject section */
		0477F9D62B023D1F00BAF5C4 /* Project object */ = {
			isa = PBXProject;
			attributes = {
				BuildIndependentTargetsInParallel = 1;
				LastSwiftUpdateCheck = 1500;
				LastUpgradeCheck = 1500;
				TargetAttributes = {
					0477F9DD2B023D2000BAF5C4 = {
						CreatedOnToolsVersion = 15.0.1;
					};
				};
			};
			buildConfigurationList = 0477F9D92B023D1F00BAF5C4 /* Build configuration list for PBXProject "VPNProject" */;
			compatibilityVersion = "Xcode 14.0";
			developmentRegion = en;
			hasScannedForEncodings = 0;
			knownRegions = (
				en,
				Base,
			);
			mainGroup = 0477F9D52B023D1F00BAF5C4;
			productRefGroup = 0477F9DF2B023D2000BAF5C4 /* Products */;
			projectDirPath = "";
			projectRoot = "";
			targets = (
				0477F9DD2B023D2000BAF5C4 /* VPNProject */,
			);
		};
/* End PBXProject section */

/* Begin PBXResourcesBuildPhase section */
		0477F9DC2B023D2000BAF5C4 /* Resources */ = {
			isa = PBXResourcesBuildPhase;
			buildActionMask = 2147483647;
			files = (
				0477F9E92B023D2100BAF5C4 /* Preview Assets.xcassets in Resources */,
				0477FA082B027B1800BAF5C4 /* Dubai-Regular.ttf in Resources */,
				0477F9E62B023D2100BAF5C4 /* Assets.xcassets in Resources */,
				0477FA0A2B027B1800BAF5C4 /* Dubai-Bold.ttf in Resources */,
				0477FA092B027B1800BAF5C4 /* Dubai-Light.ttf in Resources */,
				0477FA072B027B1800BAF5C4 /* Dubai-Medium.ttf in Resources */,
			);
			runOnlyForDeploymentPostprocessing = 0;
		};
/* End PBXResourcesBuildPhase section */

/* Begin PBXSourcesBuildPhase section */
		0477F9DA2B023D2000BAF5C4 /* Sources */ = {
			isa = PBXSourcesBuildPhase;
			buildActionMask = 2147483647;
			files = (
				0449E0CE2B0F47D900784CDD /* MenuView.swift in Sources */,
				0477F9E42B023D2000BAF5C4 /* MainView.swift in Sources */,
				04BFD0D32B0F602100BC185B /* ConnectionInfoView.swift in Sources */,
				0497EAE02B15D77300B7BA41 /* OnboardingView.swift in Sources */,
				04F987352B0B3E8800D5B2CB /* PremiumPurchaseView.swift in Sources */,
				0477F9E22B023D2000BAF5C4 /* VPNProjectApp.swift in Sources */,
				047F77E62B0757DF0090BEE0 /* ServerListViewModel.swift in Sources */,
				04D70C1E2B06202D00C8DC9D /* Server.swift in Sources */,
				04D70C1B2B061E7500C8DC9D /* ServerListView.swift in Sources */,
				04E4C1352B109545007F5976 /* SpeedTestView.swift in Sources */,
			);
			runOnlyForDeploymentPostprocessing = 0;
		};
/* End PBXSourcesBuildPhase section */

/* Begin XCBuildConfiguration section */
		0477F9EA2B023D2100BAF5C4 /* Debug */ = {
			isa = XCBuildConfiguration;
			buildSettings = {
				ALWAYS_SEARCH_USER_PATHS = NO;
				ASSETCATALOG_COMPILER_GENERATE_SWIFT_ASSET_SYMBOL_EXTENSIONS = YES;
				CLANG_ANALYZER_NONNULL = YES;
				CLANG_ANALYZER_NUMBER_OBJECT_CONVERSION = YES_AGGRESSIVE;
				CLANG_CXX_LANGUAGE_STANDARD = "gnu++20";
				CLANG_ENABLE_MODULES = YES;
				CLANG_ENABLE_OBJC_ARC = YES;
				CLANG_ENABLE_OBJC_WEAK = YES;
				CLANG_WARN_BLOCK_CAPTURE_AUTORELEASING = YES;
				CLANG_WARN_BOOL_CONVERSION = YES;
				CLANG_WARN_COMMA = YES;
				CLANG_WARN_CONSTANT_CONVERSION = YES;
				CLANG_WARN_DEPRECATED_OBJC_IMPLEMENTATIONS = YES;
				CLANG_WARN_DIRECT_OBJC_ISA_USAGE = YES_ERROR;
				CLANG_WARN_DOCUMENTATION_COMMENTS = YES;
				CLANG_WARN_EMPTY_BODY = YES;
				CLANG_WARN_ENUM_CONVERSION = YES;
				CLANG_WARN_INFINITE_RECURSION = YES;
				CLANG_WARN_INT_CONVERSION = YES;
				CLANG_WARN_NON_LITERAL_NULL_CONVERSION = YES;
				CLANG_WARN_OBJC_IMPLICIT_RETAIN_SELF = YES;
				CLANG_WARN_OBJC_LITERAL_CONVERSION = YES;
				CLANG_WARN_OBJC_ROOT_CLASS = YES_ERROR;
				CLANG_WARN_QUOTED_INCLUDE_IN_FRAMEWORK_HEADER = YES;
				CLANG_WARN_RANGE_LOOP_ANALYSIS = YES;
				CLANG_WARN_STRICT_PROTOTYPES = YES;
				CLANG_WARN_SUSPICIOUS_MOVE = YES;
				CLANG_WARN_UNGUARDED_AVAILABILITY = YES_AGGRESSIVE;
				CLANG_WARN_UNREACHABLE_CODE = YES;
				CLANG_WARN__DUPLICATE_METHOD_MATCH = YES;
				COPY_PHASE_STRIP = NO;
				DEBUG_INFORMATION_FORMAT = dwarf;
				ENABLE_STRICT_OBJC_MSGSEND = YES;
				ENABLE_TESTABILITY = YES;
				ENABLE_USER_SCRIPT_SANDBOXING = YES;
				GCC_C_LANGUAGE_STANDARD = gnu17;
				GCC_DYNAMIC_NO_PIC = NO;
				GCC_NO_COMMON_BLOCKS = YES;
				GCC_OPTIMIZATION_LEVEL = 0;
				GCC_PREPROCESSOR_DEFINITIONS = (
					"DEBUG=1",
					"$(inherited)",
				);
				GCC_WARN_64_TO_32_BIT_CONVERSION = YES;
				GCC_WARN_ABOUT_RETURN_TYPE = YES_ERROR;
				GCC_WARN_UNDECLARED_SELECTOR = YES;
				GCC_WARN_UNINITIALIZED_AUTOS = YES_AGGRESSIVE;
				GCC_WARN_UNUSED_FUNCTION = YES;
				GCC_WARN_UNUSED_VARIABLE = YES;
				IPHONEOS_DEPLOYMENT_TARGET = 17.0;
				LOCALIZATION_PREFERS_STRING_CATALOGS = YES;
				MTL_ENABLE_DEBUG_INFO = INCLUDE_SOURCE;
				MTL_FAST_MATH = YES;
				ONLY_ACTIVE_ARCH = YES;
				SDKROOT = iphoneos;
				SWIFT_ACTIVE_COMPILATION_CONDITIONS = "DEBUG $(inherited)";
				SWIFT_OPTIMIZATION_LEVEL = "-Onone";
			};
			name = Debug;
		};
		0477F9EB2B023D2100BAF5C4 /* Release */ = {
			isa = XCBuildConfiguration;
			buildSettings = {
				ALWAYS_SEARCH_USER_PATHS = NO;
				ASSETCATALOG_COMPILER_GENERATE_SWIFT_ASSET_SYMBOL_EXTENSIONS = YES;
				CLANG_ANALYZER_NONNULL = YES;
				CLANG_ANALYZER_NUMBER_OBJECT_CONVERSION = YES_AGGRESSIVE;
				CLANG_CXX_LANGUAGE_STANDARD = "gnu++20";
				CLANG_ENABLE_MODULES = YES;
				CLANG_ENABLE_OBJC_ARC = YES;
				CLANG_ENABLE_OBJC_WEAK = YES;
				CLANG_WARN_BLOCK_CAPTURE_AUTORELEASING = YES;
				CLANG_WARN_BOOL_CONVERSION = YES;
				CLANG_WARN_COMMA = YES;
				CLANG_WARN_CONSTANT_CONVERSION = YES;
				CLANG_WARN_DEPRECATED_OBJC_IMPLEMENTATIONS = YES;
				CLANG_WARN_DIRECT_OBJC_ISA_USAGE = YES_ERROR;
				CLANG_WARN_DOCUMENTATION_COMMENTS = YES;
				CLANG_WARN_EMPTY_BODY = YES;
				CLANG_WARN_ENUM_CONVERSION = YES;
				CLANG_WARN_INFINITE_RECURSION = YES;
				CLANG_WARN_INT_CONVERSION = YES;
				CLANG_WARN_NON_LITERAL_NULL_CONVERSION = YES;
				CLANG_WARN_OBJC_IMPLICIT_RETAIN_SELF = YES;
				CLANG_WARN_OBJC_LITERAL_CONVERSION = YES;
				CLANG_WARN_OBJC_ROOT_CLASS = YES_ERROR;
				CLANG_WARN_QUOTED_INCLUDE_IN_FRAMEWORK_HEADER = YES;
				CLANG_WARN_RANGE_LOOP_ANALYSIS = YES;
				CLANG_WARN_STRICT_PROTOTYPES = YES;
				CLANG_WARN_SUSPICIOUS_MOVE = YES;
				CLANG_WARN_UNGUARDED_AVAILABILITY = YES_AGGRESSIVE;
				CLANG_WARN_UNREACHABLE_CODE = YES;
				CLANG_WARN__DUPLICATE_METHOD_MATCH = YES;
				COPY_PHASE_STRIP = NO;
				DEBUG_INFORMATION_FORMAT = "dwarf-with-dsym";
				ENABLE_NS_ASSERTIONS = NO;
				ENABLE_STRICT_OBJC_MSGSEND = YES;
				ENABLE_USER_SCRIPT_SANDBOXING = YES;
				GCC_C_LANGUAGE_STANDARD = gnu17;
				GCC_NO_COMMON_BLOCKS = YES;
				GCC_WARN_64_TO_32_BIT_CONVERSION = YES;
				GCC_WARN_ABOUT_RETURN_TYPE = YES_ERROR;
				GCC_WARN_UNDECLARED_SELECTOR = YES;
				GCC_WARN_UNINITIALIZED_AUTOS = YES_AGGRESSIVE;
				GCC_WARN_UNUSED_FUNCTION = YES;
				GCC_WARN_UNUSED_VARIABLE = YES;
				IPHONEOS_DEPLOYMENT_TARGET = 17.0;
				LOCALIZATION_PREFERS_STRING_CATALOGS = YES;
				MTL_ENABLE_DEBUG_INFO = NO;
				MTL_FAST_MATH = YES;
				SDKROOT = iphoneos;
				SWIFT_COMPILATION_MODE = wholemodule;
				VALIDATE_PRODUCT = YES;
			};
			name = Release;
		};
		0477F9ED2B023D2100BAF5C4 /* Debug */ = {
			isa = XCBuildConfiguration;
			buildSettings = {
				ASSETCATALOG_COMPILER_APPICON_NAME = AppIcon;
				ASSETCATALOG_COMPILER_GLOBAL_ACCENT_COLOR_NAME = AccentColor;
				CODE_SIGN_STYLE = Automatic;
				CURRENT_PROJECT_VERSION = 1;
				DEVELOPMENT_ASSET_PATHS = "\"VPNProject/Preview Content\"";
				DEVELOPMENT_TEAM = 6QP8K8B8C9;
				ENABLE_PREVIEWS = YES;
				GENERATE_INFOPLIST_FILE = YES;
				INFOPLIST_FILE = VPNProject/Info.plist;
				INFOPLIST_KEY_UIApplicationSceneManifest_Generation = YES;
				INFOPLIST_KEY_UIApplicationSupportsIndirectInputEvents = YES;
				INFOPLIST_KEY_UILaunchScreen_Generation = YES;
				INFOPLIST_KEY_UISupportedInterfaceOrientations_iPad = "UIInterfaceOrientationPortrait UIInterfaceOrientationPortraitUpsideDown UIInterfaceOrientationLandscapeLeft UIInterfaceOrientationLandscapeRight";
				INFOPLIST_KEY_UISupportedInterfaceOrientations_iPhone = "UIInterfaceOrientationPortrait UIInterfaceOrientationLandscapeLeft UIInterfaceOrientationLandscapeRight";
				LD_RUNPATH_SEARCH_PATHS = (
					"$(inherited)",
					"@executable_path/Frameworks",
				);
				MARKETING_VERSION = 1.0;
				PRODUCT_BUNDLE_IDENTIFIER = com.mancmiller.VPNProject;
				PRODUCT_NAME = "$(TARGET_NAME)";
				SWIFT_EMIT_LOC_STRINGS = YES;
				SWIFT_VERSION = 5.0;
				TARGETED_DEVICE_FAMILY = "1,2";
			};
			name = Debug;
		};
		0477F9EE2B023D2100BAF5C4 /* Release */ = {
			isa = XCBuildConfiguration;
			buildSettings = {
				ASSETCATALOG_COMPILER_APPICON_NAME = AppIcon;
				ASSETCATALOG_COMPILER_GLOBAL_ACCENT_COLOR_NAME = AccentColor;
				CODE_SIGN_STYLE = Automatic;
				CURRENT_PROJECT_VERSION = 1;
				DEVELOPMENT_ASSET_PATHS = "\"VPNProject/Preview Content\"";
				DEVELOPMENT_TEAM = 6QP8K8B8C9;
				ENABLE_PREVIEWS = YES;
				GENERATE_INFOPLIST_FILE = YES;
				INFOPLIST_FILE = VPNProject/Info.plist;
				INFOPLIST_KEY_UIApplicationSceneManifest_Generation = YES;
				INFOPLIST_KEY_UIApplicationSupportsIndirectInputEvents = YES;
				INFOPLIST_KEY_UILaunchScreen_Generation = YES;
				INFOPLIST_KEY_UISupportedInterfaceOrientations_iPad = "UIInterfaceOrientationPortrait UIInterfaceOrientationPortraitUpsideDown UIInterfaceOrientationLandscapeLeft UIInterfaceOrientationLandscapeRight";
				INFOPLIST_KEY_UISupportedInterfaceOrientations_iPhone = "UIInterfaceOrientationPortrait UIInterfaceOrientationLandscapeLeft UIInterfaceOrientationLandscapeRight";
				LD_RUNPATH_SEARCH_PATHS = (
					"$(inherited)",
					"@executable_path/Frameworks",
				);
				MARKETING_VERSION = 1.0;
				PRODUCT_BUNDLE_IDENTIFIER = com.mancmiller.VPNProject;
				PRODUCT_NAME = "$(TARGET_NAME)";
				SWIFT_EMIT_LOC_STRINGS = YES;
				SWIFT_VERSION = 5.0;
				TARGETED_DEVICE_FAMILY = "1,2";
			};
			name = Release;
		};
/* End XCBuildConfiguration section */

/* Begin XCConfigurationList section */
		0477F9D92B023D1F00BAF5C4 /* Build configuration list for PBXProject "VPNProject" */ = {
			isa = XCConfigurationList;
			buildConfigurations = (
				0477F9EA2B023D2100BAF5C4 /* Debug */,
				0477F9EB2B023D2100BAF5C4 /* Release */,
			);
			defaultConfigurationIsVisible = 0;
			defaultConfigurationName = Release;
		};
		0477F9EC2B023D2100BAF5C4 /* Build configuration list for PBXNativeTarget "VPNProject" */ = {
			isa = XCConfigurationList;
			buildConfigurations = (
				0477F9ED2B023D2100BAF5C4 /* Debug */,
				0477F9EE2B023D2100BAF5C4 /* Release */,
			);
			defaultConfigurationIsVisible = 0;
			defaultConfigurationName = Release;
		};
/* End XCConfigurationList section */
	};
	rootObject = 0477F9D62B023D1F00BAF5C4 /* Project object */;
}
